
Microsoft Visual Studio Solution File, Format Version 12.00
# Visual Studio Version 16
VisualStudioVersion = 16.0.32413.511
MinimumVisualStudioVersion = 10.0.40219.1
Project("{FAE04EC0-301F-11D3-BF4B-00C04F79EFBC}") = "Zad8", "Zad8\Zad8.csproj", "{BC86EDC9-B304-44AC-B7C6-CCFBD0BD0EA3}"
EndProject
Global
	GlobalSection(SolutionConfigurationPlatforms) = preSolution
		Debug|Any CPU = Debug|Any CPU
		Release|Any CPU = Release|Any CPU
	EndGlobalSection
	GlobalSection(ProjectConfigurationPlatforms) = postSolution
		{BC86EDC9-B304-44AC-B7C6-CCFBD0BD0EA3}.Debug|Any CPU.ActiveCfg = Debug|Any CPU
		{BC86EDC9-B304-44AC-B7C6-CCFBD0BD0EA3}.Debug|Any CPU.Build.0 = Debug|Any CPU
		{BC86EDC9-B304-44AC-B7C6-CCFBD0BD0EA3}.Release|Any CPU.ActiveCfg = Release|Any CPU
		{BC86EDC9-B304-44AC-B7C6-CCFBD0BD0EA3}.Release|Any CPU.Build.0 = Release|Any CPU
	EndGlobalSection
	GlobalSection(SolutionProperties) = preSolution
		HideSolutionNode = FALSE
	EndGlobalSection
	GlobalSection(ExtensibilityGlobals) = postSolution
		SolutionGuid = {49FBD96C-0E04-4034-836F-8B962CCE39CC}
	EndGlobalSection
EndGlobal
